
Microsoft Visual Studio Solution File, Format Version 12.00
# Visual Studio 14
VisualStudioVersion = 14.0.25420.1
MinimumVisualStudioVersion = 10.0.40219.1
Project("{FAE04EC0-301F-11D3-BF4B-00C04F79EFBC}") = "CtripHotelServer", "CtripHotels\CtripHotelServer.csproj", "{ED09E197-01F5-44C1-986C-EC5DCE80B7DA}"
EndProject
Project("{FAE04EC0-301F-11D3-BF4B-00C04F79EFBC}") = "HttpHelper", "HttpHelper\HttpHelper.csproj", "{0C34A621-0C58-4F8E-9313-02231B235EDC}"
EndProject
Project("{FAE04EC0-301F-11D3-BF4B-00C04F79EFBC}") = "HotelPriceModel", "HotelPriceModel\HotelPriceModel.csproj", "{491FAB6B-ED18-4A26-9BF4-4AA8E77F0F0F}"
EndProject
Project("{FAE04EC0-301F-11D3-BF4B-00C04F79EFBC}") = "CommonHelper", "CommonHelper\CommonHelper.csproj", "{C3E9CBC3-0D42-4591-A9C4-0E93FA431090}"
EndProject
Project("{FAE04EC0-301F-11D3-BF4B-00C04F79EFBC}") = "HotelManage", "HotelManage\HotelManage.csproj", "{1A63704C-1997-4349-9BF1-3322DB3F90D0}"
EndProject
Project("{FAE04EC0-301F-11D3-BF4B-00C04F79EFBC}") = "HotelServerLogic", "HotelServerLogic\HotelServerLogic.csproj", "{A669155B-E675-483F-B46E-2BD9533FA6C2}"
EndProject
Project("{FAE04EC0-301F-11D3-BF4B-00C04F79EFBC}") = "CtripHotelPrice", "CtripHotelPrice\CtripHotelPrice.csproj", "{73166EC6-E56E-48CB-9ECC-AC37F775BB8B}"
EndProject
Project("{FAE04EC0-301F-11D3-BF4B-00C04F79EFBC}") = "HotelPriceServer", "HotelPriceServer\HotelPriceServer.csproj", "{C3164962-8CC3-4824-B629-69B0534B96C7}"
EndProject
Project("{FAE04EC0-301F-11D3-BF4B-00C04F79EFBC}") = "HotelHttpBase", "HotelHttpBase\HotelHttpBase.csproj", "{2DB44824-EE46-4D73-A6AF-ACB552E5DCD5}"
EndProject
Project("{FAE04EC0-301F-11D3-BF4B-00C04F79EFBC}") = "HiltonHotelServer", "HiltonHotelServer\HiltonHotelServer.csproj", "{B2ABB673-EFD2-4596-913D-D8AFA54705EB}"
EndProject
Project("{2150E333-8FDC-42A3-9474-1A3956D46DE8}") = "FlightTicketServer", "FlightTicketServer", "{9935F7A3-1A66-42EA-894F-2D5ADC8F49DC}"
EndProject
Project("{FAE04EC0-301F-11D3-BF4B-00C04F79EFBC}") = "flypeachTicketServer", "flypeachTicketServer\flypeachTicketServer.csproj", "{010E4F97-5172-4931-86B1-27BF49719A6D}"
EndProject
Project("{FAE04EC0-301F-11D3-BF4B-00C04F79EFBC}") = "flyticketBase", "flyticketBase\flyticketBase.csproj", "{391FA813-66BE-4185-9907-ECBE98B71B95}"
EndProject
Project("{FAE04EC0-301F-11D3-BF4B-00C04F79EFBC}") = "CommonHttpServer", "CommonHttpServer\CommonHttpServer.csproj", "{C50999BC-C0C6-45B5-AC31-073C498C8752}"
EndProject
Project("{FAE04EC0-301F-11D3-BF4B-00C04F79EFBC}") = "twayairTicketServer", "twayairTicketServer\twayairTicketServer.csproj", "{14C4557A-30B3-46A0-A927-91C9270E0557}"
EndProject
Global
	GlobalSection(SolutionConfigurationPlatforms) = preSolution
		Debug|Any CPU = Debug|Any CPU
		Debug|x86 = Debug|x86
		Release|Any CPU = Release|Any CPU
		Release|x86 = Release|x86
	EndGlobalSection
	GlobalSection(ProjectConfigurationPlatforms) = postSolution
		{ED09E197-01F5-44C1-986C-EC5DCE80B7DA}.Debug|Any CPU.ActiveCfg = Debug|Any CPU
		{ED09E197-01F5-44C1-986C-EC5DCE80B7DA}.Debug|Any CPU.Build.0 = Debug|Any CPU
		{ED09E197-01F5-44C1-986C-EC5DCE80B7DA}.Debug|x86.ActiveCfg = Debug|Any CPU
		{ED09E197-01F5-44C1-986C-EC5DCE80B7DA}.Debug|x86.Build.0 = Debug|Any CPU
		{ED09E197-01F5-44C1-986C-EC5DCE80B7DA}.Release|Any CPU.ActiveCfg = Release|Any CPU
		{ED09E197-01F5-44C1-986C-EC5DCE80B7DA}.Release|Any CPU.Build.0 = Release|Any CPU
		{ED09E197-01F5-44C1-986C-EC5DCE80B7DA}.Release|x86.ActiveCfg = Release|Any CPU
		{ED09E197-01F5-44C1-986C-EC5DCE80B7DA}.Release|x86.Build.0 = Release|Any CPU
		{0C34A621-0C58-4F8E-9313-02231B235EDC}.Debug|Any CPU.ActiveCfg = Debug|Any CPU
		{0C34A621-0C58-4F8E-9313-02231B235EDC}.Debug|Any CPU.Build.0 = Debug|Any CPU
		{0C34A621-0C58-4F8E-9313-02231B235EDC}.Debug|x86.ActiveCfg = Debug|x86
		{0C34A621-0C58-4F8E-9313-02231B235EDC}.Debug|x86.Build.0 = Debug|x86
		{0C34A621-0C58-4F8E-9313-02231B235EDC}.Release|Any CPU.ActiveCfg = Release|Any CPU
		{0C34A621-0C58-4F8E-9313-02231B235EDC}.Release|Any CPU.Build.0 = Release|Any CPU
		{0C34A621-0C58-4F8E-9313-02231B235EDC}.Release|x86.ActiveCfg = Release|x86
		{0C34A621-0C58-4F8E-9313-02231B235EDC}.Release|x86.Build.0 = Release|x86
		{491FAB6B-ED18-4A26-9BF4-4AA8E77F0F0F}.Debug|Any CPU.ActiveCfg = Debug|Any CPU
		{491FAB6B-ED18-4A26-9BF4-4AA8E77F0F0F}.Debug|Any CPU.Build.0 = Debug|Any CPU
		{491FAB6B-ED18-4A26-9BF4-4AA8E77F0F0F}.Debug|x86.ActiveCfg = Debug|x86
		{491FAB6B-ED18-4A26-9BF4-4AA8E77F0F0F}.Debug|x86.Build.0 = Debug|x86
		{491FAB6B-ED18-4A26-9BF4-4AA8E77F0F0F}.Release|Any CPU.ActiveCfg = Release|Any CPU
		{491FAB6B-ED18-4A26-9BF4-4AA8E77F0F0F}.Release|Any CPU.Build.0 = Release|Any CPU
		{491FAB6B-ED18-4A26-9BF4-4AA8E77F0F0F}.Release|x86.ActiveCfg = Release|x86
		{491FAB6B-ED18-4A26-9BF4-4AA8E77F0F0F}.Release|x86.Build.0 = Release|x86
		{C3E9CBC3-0D42-4591-A9C4-0E93FA431090}.Debug|Any CPU.ActiveCfg = Debug|Any CPU
		{C3E9CBC3-0D42-4591-A9C4-0E93FA431090}.Debug|Any CPU.Build.0 = Debug|Any CPU
		{C3E9CBC3-0D42-4591-A9C4-0E93FA431090}.Debug|x86.ActiveCfg = Debug|x86
		{C3E9CBC3-0D42-4591-A9C4-0E93FA431090}.Debug|x86.Build.0 = Debug|x86
		{C3E9CBC3-0D42-4591-A9C4-0E93FA431090}.Release|Any CPU.ActiveCfg = Release|Any CPU
		{C3E9CBC3-0D42-4591-A9C4-0E93FA431090}.Release|Any CPU.Build.0 = Release|Any CPU
		{C3E9CBC3-0D42-4591-A9C4-0E93FA431090}.Release|x86.ActiveCfg = Release|x86
		{C3E9CBC3-0D42-4591-A9C4-0E93FA431090}.Release|x86.Build.0 = Release|x86
		{1A63704C-1997-4349-9BF1-3322DB3F90D0}.Debug|Any CPU.ActiveCfg = Debug|Any CPU
		{1A63704C-1997-4349-9BF1-3322DB3F90D0}.Debug|Any CPU.Build.0 = Debug|Any CPU
		{1A63704C-1997-4349-9BF1-3322DB3F90D0}.Debug|x86.ActiveCfg = Debug|Any CPU
		{1A63704C-1997-4349-9BF1-3322DB3F90D0}.Debug|x86.Build.0 = Debug|Any CPU
		{1A63704C-1997-4349-9BF1-3322DB3F90D0}.Release|Any CPU.ActiveCfg = Release|Any CPU
		{1A63704C-1997-4349-9BF1-3322DB3F90D0}.Release|Any CPU.Build.0 = Release|Any CPU
		{1A63704C-1997-4349-9BF1-3322DB3F90D0}.Release|x86.ActiveCfg = Release|Any CPU
		{1A63704C-1997-4349-9BF1-3322DB3F90D0}.Release|x86.Build.0 = Release|Any CPU
		{A669155B-E675-483F-B46E-2BD9533FA6C2}.Debug|Any CPU.ActiveCfg = Debug|Any CPU
		{A669155B-E675-483F-B46E-2BD9533FA6C2}.Debug|Any CPU.Build.0 = Debug|Any CPU
		{A669155B-E675-483F-B46E-2BD9533FA6C2}.Debug|x86.ActiveCfg = Debug|Any CPU
		{A669155B-E675-483F-B46E-2BD9533FA6C2}.Debug|x86.Build.0 = Debug|Any CPU
		{A669155B-E675-483F-B46E-2BD9533FA6C2}.Release|Any CPU.ActiveCfg = Release|Any CPU
		{A669155B-E675-483F-B46E-2BD9533FA6C2}.Release|Any CPU.Build.0 = Release|Any CPU
		{A669155B-E675-483F-B46E-2BD9533FA6C2}.Release|x86.ActiveCfg = Release|Any CPU
		{A669155B-E675-483F-B46E-2BD9533FA6C2}.Release|x86.Build.0 = Release|Any CPU
		{73166EC6-E56E-48CB-9ECC-AC37F775BB8B}.Debug|Any CPU.ActiveCfg = Debug|Any CPU
		{73166EC6-E56E-48CB-9ECC-AC37F775BB8B}.Debug|Any CPU.Build.0 = Debug|Any CPU
		{73166EC6-E56E-48CB-9ECC-AC37F775BB8B}.Debug|x86.ActiveCfg = Debug|Any CPU
		{73166EC6-E56E-48CB-9ECC-AC37F775BB8B}.Debug|x86.Build.0 = Debug|Any CPU
		{73166EC6-E56E-48CB-9ECC-AC37F775BB8B}.Release|Any CPU.ActiveCfg = Release|Any CPU
		{73166EC6-E56E-48CB-9ECC-AC37F775BB8B}.Release|Any CPU.Build.0 = Release|Any CPU
		{73166EC6-E56E-48CB-9ECC-AC37F775BB8B}.Release|x86.ActiveCfg = Release|Any CPU
		{73166EC6-E56E-48CB-9ECC-AC37F775BB8B}.Release|x86.Build.0 = Release|Any CPU
		{C3164962-8CC3-4824-B629-69B0534B96C7}.Debug|Any CPU.ActiveCfg = Debug|Any CPU
		{C3164962-8CC3-4824-B629-69B0534B96C7}.Debug|Any CPU.Build.0 = Debug|Any CPU
		{C3164962-8CC3-4824-B629-69B0534B96C7}.Debug|x86.ActiveCfg = Debug|Any CPU
		{C3164962-8CC3-4824-B629-69B0534B96C7}.Debug|x86.Build.0 = Debug|Any CPU
		{C3164962-8CC3-4824-B629-69B0534B96C7}.Release|Any CPU.ActiveCfg = Release|Any CPU
		{C3164962-8CC3-4824-B629-69B0534B96C7}.Release|Any CPU.Build.0 = Release|Any CPU
		{C3164962-8CC3-4824-B629-69B0534B96C7}.Release|x86.ActiveCfg = Release|Any CPU
		{C3164962-8CC3-4824-B629-69B0534B96C7}.Release|x86.Build.0 = Release|Any CPU
		{2DB44824-EE46-4D73-A6AF-ACB552E5DCD5}.Debug|Any CPU.ActiveCfg = Debug|Any CPU
		{2DB44824-EE46-4D73-A6AF-ACB552E5DCD5}.Debug|Any CPU.Build.0 = Debug|Any CPU
		{2DB44824-EE46-4D73-A6AF-ACB552E5DCD5}.Debug|x86.ActiveCfg = Debug|Any CPU
		{2DB44824-EE46-4D73-A6AF-ACB552E5DCD5}.Debug|x86.Build.0 = Debug|Any CPU
		{2DB44824-EE46-4D73-A6AF-ACB552E5DCD5}.Release|Any CPU.ActiveCfg = Release|Any CPU
		{2DB44824-EE46-4D73-A6AF-ACB552E5DCD5}.Release|Any CPU.Build.0 = Release|Any CPU
		{2DB44824-EE46-4D73-A6AF-ACB552E5DCD5}.Release|x86.ActiveCfg = Release|Any CPU
		{2DB44824-EE46-4D73-A6AF-ACB552E5DCD5}.Release|x86.Build.0 = Release|Any CPU
		{B2ABB673-EFD2-4596-913D-D8AFA54705EB}.Debug|Any CPU.ActiveCfg = Debug|Any CPU
		{B2ABB673-EFD2-4596-913D-D8AFA54705EB}.Debug|Any CPU.Build.0 = Debug|Any CPU
		{B2ABB673-EFD2-4596-913D-D8AFA54705EB}.Debug|x86.ActiveCfg = Debug|Any CPU
		{B2ABB673-EFD2-4596-913D-D8AFA54705EB}.Debug|x86.Build.0 = Debug|Any CPU
		{B2ABB673-EFD2-4596-913D-D8AFA54705EB}.Release|Any CPU.ActiveCfg = Release|Any CPU
		{B2ABB673-EFD2-4596-913D-D8AFA54705EB}.Release|Any CPU.Build.0 = Release|Any CPU
		{B2ABB673-EFD2-4596-913D-D8AFA54705EB}.Release|x86.ActiveCfg = Release|Any CPU
		{B2ABB673-EFD2-4596-913D-D8AFA54705EB}.Release|x86.Build.0 = Release|Any CPU
		{010E4F97-5172-4931-86B1-27BF49719A6D}.Debug|Any CPU.ActiveCfg = Debug|Any CPU
		{010E4F97-5172-4931-86B1-27BF49719A6D}.Debug|Any CPU.Build.0 = Debug|Any CPU
		{010E4F97-5172-4931-86B1-27BF49719A6D}.Debug|x86.ActiveCfg = Debug|Any CPU
		{010E4F97-5172-4931-86B1-27BF49719A6D}.Debug|x86.Build.0 = Debug|Any CPU
		{010E4F97-5172-4931-86B1-27BF49719A6D}.Release|Any CPU.ActiveCfg = Release|Any CPU
		{010E4F97-5172-4931-86B1-27BF49719A6D}.Release|Any CPU.Build.0 = Release|Any CPU
		{010E4F97-5172-4931-86B1-27BF49719A6D}.Release|x86.ActiveCfg = Release|Any CPU
		{010E4F97-5172-4931-86B1-27BF49719A6D}.Release|x86.Build.0 = Release|Any CPU
		{391FA813-66BE-4185-9907-ECBE98B71B95}.Debug|Any CPU.ActiveCfg = Debug|Any CPU
		{391FA813-66BE-4185-9907-ECBE98B71B95}.Debug|Any CPU.Build.0 = Debug|Any CPU
		{391FA813-66BE-4185-9907-ECBE98B71B95}.Debug|x86.ActiveCfg = Debug|Any CPU
		{391FA813-66BE-4185-9907-ECBE98B71B95}.Debug|x86.Build.0 = Debug|Any CPU
		{391FA813-66BE-4185-9907-ECBE98B71B95}.Release|Any CPU.ActiveCfg = Release|Any CPU
		{391FA813-66BE-4185-9907-ECBE98B71B95}.Release|Any CPU.Build.0 = Release|Any CPU
		{391FA813-66BE-4185-9907-ECBE98B71B95}.Release|x86.ActiveCfg = Release|Any CPU
		{391FA813-66BE-4185-9907-ECBE98B71B95}.Release|x86.Build.0 = Release|Any CPU
		{C50999BC-C0C6-45B5-AC31-073C498C8752}.Debug|Any CPU.ActiveCfg = Debug|Any CPU
		{C50999BC-C0C6-45B5-AC31-073C498C8752}.Debug|Any CPU.Build.0 = Debug|Any CPU
		{C50999BC-C0C6-45B5-AC31-073C498C8752}.Debug|x86.ActiveCfg = Debug|x86
		{C50999BC-C0C6-45B5-AC31-073C498C8752}.Debug|x86.Build.0 = Debug|x86
		{C50999BC-C0C6-45B5-AC31-073C498C8752}.Release|Any CPU.ActiveCfg = Release|Any CPU
		{C50999BC-C0C6-45B5-AC31-073C498C8752}.Release|Any CPU.Build.0 = Release|Any CPU
		{C50999BC-C0C6-45B5-AC31-073C498C8752}.Release|x86.ActiveCfg = Release|x86
		{C50999BC-C0C6-45B5-AC31-073C498C8752}.Release|x86.Build.0 = Release|x86
		{14C4557A-30B3-46A0-A927-91C9270E0557}.Debug|Any CPU.ActiveCfg = Debug|Any CPU
		{14C4557A-30B3-46A0-A927-91C9270E0557}.Debug|Any CPU.Build.0 = Debug|Any CPU
		{14C4557A-30B3-46A0-A927-91C9270E0557}.Debug|x86.ActiveCfg = Debug|Any CPU
		{14C4557A-30B3-46A0-A927-91C9270E0557}.Debug|x86.Build.0 = Debug|Any CPU
		{14C4557A-30B3-46A0-A927-91C9270E0557}.Release|Any CPU.ActiveCfg = Release|Any CPU
		{14C4557A-30B3-46A0-A927-91C9270E0557}.Release|Any CPU.Build.0 = Release|Any CPU
		{14C4557A-30B3-46A0-A927-91C9270E0557}.Release|x86.ActiveCfg = Release|Any CPU
		{14C4557A-30B3-46A0-A927-91C9270E0557}.Release|x86.Build.0 = Release|Any CPU
	EndGlobalSection
	GlobalSection(SolutionProperties) = preSolution
		HideSolutionNode = FALSE
	EndGlobalSection
	GlobalSection(NestedProjects) = preSolution
		{010E4F97-5172-4931-86B1-27BF49719A6D} = {9935F7A3-1A66-42EA-894F-2D5ADC8F49DC}
		{391FA813-66BE-4185-9907-ECBE98B71B95} = {9935F7A3-1A66-42EA-894F-2D5ADC8F49DC}
		{14C4557A-30B3-46A0-A927-91C9270E0557} = {9935F7A3-1A66-42EA-894F-2D5ADC8F49DC}
	EndGlobalSection
EndGlobal
